
Microsoft Visual Studio Solution File, Format Version 12.00
# Visual Studio Version 17
VisualStudioVersion = 17.6.33829.357
MinimumVisualStudioVersion = 10.0.40219.1
Project("{FAE04EC0-301F-11D3-BF4B-00C04F79EFBC}") = "Operators", "Operators.csproj", "{073DF421-1815-49AD-B295-7B0C6FEC3519}"
EndProject
Global
	GlobalSection(SolutionConfigurationPlatforms) = preSolution
		Debug|Any CPU = Debug|Any CPU
		Release|Any CPU = Release|Any CPU
	EndGlobalSection
	GlobalSection(ProjectConfigurationPlatforms) = postSolution
		{073DF421-1815-49AD-B295-7B0C6FEC3519}.Debug|Any CPU.ActiveCfg = Debug|Any CPU
		{073DF421-1815-49AD-B295-7B0C6FEC3519}.Debug|Any CPU.Build.0 = Debug|Any CPU
		{073DF421-1815-49AD-B295-7B0C6FEC3519}.Release|Any CPU.ActiveCfg = Release|Any CPU
		{073DF421-1815-49AD-B295-7B0C6FEC3519}.Release|Any CPU.Build.0 = Release|Any CPU
	EndGlobalSection
	GlobalSection(SolutionProperties) = preSolution
		HideSolutionNode = FALSE
	EndGlobalSection
	GlobalSection(ExtensibilityGlobals) = postSolution
		SolutionGuid = {87F635EF-8519-492B-9936-C87054865F67}
	EndGlobalSection
EndGlobal
