
Microsoft Visual Studio Solution File, Format Version 12.00
# Visual Studio Version 17
VisualStudioVersion = 17.6.33829.357
MinimumVisualStudioVersion = 10.0.40219.1
Project("{FAE04EC0-301F-11D3-BF4B-00C04F79EFBC}") = "NestedIfStatements", "NestedIfStatements.csproj", "{A8A5BA94-7097-4124-B2C8-3A0474B8C6F0}"
EndProject
Global
	GlobalSection(SolutionConfigurationPlatforms) = preSolution
		Debug|Any CPU = Debug|Any CPU
		Release|Any CPU = Release|Any CPU
	EndGlobalSection
	GlobalSection(ProjectConfigurationPlatforms) = postSolution
		{A8A5BA94-7097-4124-B2C8-3A0474B8C6F0}.Debug|Any CPU.ActiveCfg = Debug|Any CPU
		{A8A5BA94-7097-4124-B2C8-3A0474B8C6F0}.Debug|Any CPU.Build.0 = Debug|Any CPU
		{A8A5BA94-7097-4124-B2C8-3A0474B8C6F0}.Release|Any CPU.ActiveCfg = Release|Any CPU
		{A8A5BA94-7097-4124-B2C8-3A0474B8C6F0}.Release|Any CPU.Build.0 = Release|Any CPU
	EndGlobalSection
	GlobalSection(SolutionProperties) = preSolution
		HideSolutionNode = FALSE
	EndGlobalSection
	GlobalSection(ExtensibilityGlobals) = postSolution
		SolutionGuid = {77288519-ECDC-4E56-8B48-C0930158BC19}
	EndGlobalSection
EndGlobal
